// !$*UTF8*$!
{
	archiveVersion = 1;
	classes = {
	};
	objectVersion = 77;
	objects = {

/* Begin PBXBuildFile section */
		0697BD1D2B82E9E9D18D42D3 /* PipelineWidget.swift in Sources */ = {isa = PBXBuildFile; fileRef = E38C0AA8227B4DA9973E43EC /* PipelineWidget.swift */; };
		07986B0C5FCC2EC714E49309 /* VoiceInput.swift in Sources */ = {isa = PBXBuildFile; fileRef = 5566AB48EFA804717EF3D2E9 /* VoiceInput.swift */; };
		08F195A7719FCAC959F147C0 /* AI.swift in Sources */ = {isa = PBXBuildFile; fileRef = FCCBA00032D9E98578A6F757 /* AI.swift */; };
		101A4E7E1C260AD51868F08F /* OpenDeskApp.swift in Sources */ = {isa = PBXBuildFile; fileRef = 43DD232A1E963F5D68877EE3 /* OpenDeskApp.swift */; };
		1C3B6313FA07B71C7F8D7D48 /* AskSheet.swift in Sources */ = {isa = PBXBuildFile; fileRef = 1F4FA33E23AAE61EE1EF2649 /* AskSheet.swift */; };
		24632B4999586FFDE68796BF /* LiveUpdates.swift in Sources */ = {isa = PBXBuildFile; fileRef = 841ED8400AED789295DDFEA2 /* LiveUpdates.swift */; };
		27AFC5343E7DD1DD5D879E96 /* JSONValue.swift in Sources */ = {isa = PBXBuildFile; fileRef = 11F93D4596513BF71DB6A799 /* JSONValue.swift */; };
		285011AB16A4B7862782F355 /* CommandBar.swift in Sources */ = {isa = PBXBuildFile; fileRef = 18A82EE78C82A27B8DFC03E7 /* CommandBar.swift */; };
		2943A1DCB037D04DAD0E35E0 /* BrandMark.swift in Sources */ = {isa = PBXBuildFile; fileRef = D90471C48D5D38F100FBE61A /* BrandMark.swift */; };
		2DE30E4AC66296FE2F559206 /* Airtable.swift in Sources */ = {isa = PBXBuildFile; fileRef = EEF8C4FFEF374DB3074ACDF4 /* Airtable.swift */; };
		30940D29A01E07581F268395 /* GrafanaClient.swift in Sources */ = {isa = PBXBuildFile; fileRef = 093347DEA43B9ADFBC9DEDE1 /* GrafanaClient.swift */; };
		3749C65A8518EC64A51BA8F3 /* HomeView.swift in Sources */ = {isa = PBXBuildFile; fileRef = CE22F08AA322BBB5ACF0C742 /* HomeView.swift */; };
		4FA4322180E23DEC0DF05D77 /* AppConfig.swift in Sources */ = {isa = PBXBuildFile; fileRef = B943D9F4E44D59D95B7D560E /* AppConfig.swift */; };
		5F2BDE32C8EF7749D724A0BC /* HTTP.swift in Sources */ = {isa = PBXBuildFile; fileRef = 464C7BE24CC53E4C9E2EDA36 /* HTTP.swift */; };
		60B467DD5F91C14226679AA9 /* SupabaseConnectView.swift in Sources */ = {isa = PBXBuildFile; fileRef = F6CF8ECCFFCD619642C9A5E0 /* SupabaseConnectView.swift */; };
		6392F00A0D12AED4F22EFE4B /* Assets.xcassets in Resources */ = {isa = PBXBuildFile; fileRef = 9F3A42F1924C9B38EC54BADC /* Assets.xcassets */; };
		63FE177B0EF814DB2A0C8C35 /* GridView.swift in Sources */ = {isa = PBXBuildFile; fileRef = 53AAE621E6E55A9A8CDC7342 /* GridView.swift */; };
		6FE7B811FDF7CEAB7CA8B17B /* RecordEditor.swift in Sources */ = {isa = PBXBuildFile; fileRef = B0F4CE1974B39E5A92222335 /* RecordEditor.swift */; };
		72629E30262269A9E5A7A600 /* LocalDefaults.plist in Resources */ = {isa = PBXBuildFile; fileRef = 6A8E8EA4FD2B351B79693EEC /* LocalDefaults.plist */; };
		7596D28CFD50FC1FBABCBC23 /* NocoViews.swift in Sources */ = {isa = PBXBuildFile; fileRef = 8B9B2BE85D4DBD915DD4A459 /* NocoViews.swift */; };
		7673AA3E2EFCE7F393603301 /* OpenDeskWidget.appex in Embed Foundation Extensions */ = {isa = PBXBuildFile; fileRef = 2EE7A1BEC9203C56CC5F7780 /* OpenDeskWidget.appex */; settings = {ATTRIBUTES = (RemoveHeadersOnCopy, ); }; };
		76AA07710F8C0A8CF23737FD /* LocalDefaults.plist in Resources */ = {isa = PBXBuildFile; fileRef = 6A8E8EA4FD2B351B79693EEC /* LocalDefaults.plist */; };
		7D6215D0B06C3856A0E48BB3 /* Theme.swift in Sources */ = {isa = PBXBuildFile; fileRef = 65C65BC488C6366A004CC199 /* Theme.swift */; };
		85127AE335187DC378BCE218 /* AlertsView.swift in Sources */ = {isa = PBXBuildFile; fileRef = 2C6C69B5EC75EB25B0B3039D /* AlertsView.swift */; };
		87F2A7BAD2B32B7E266C1F17 /* Shortcuts.swift in Sources */ = {isa = PBXBuildFile; fileRef = 6A2FA5532700E20527B4AAE9 /* Shortcuts.swift */; };
		8DC7C74DC6C346B46468D894 /* Excalidraw.swift in Sources */ = {isa = PBXBuildFile; fileRef = F6953E3E11CAE7E55289A70B /* Excalidraw.swift */; };
		91B89CB78C35B9F4FFD1A192 /* GitLabViews.swift in Sources */ = {isa = PBXBuildFile; fileRef = DFFA22618AF73EF5F6BA5D24 /* GitLabViews.swift */; };
		A0C3AA1BD5B4814F57CDB78D /* NocoClient.swift in Sources */ = {isa = PBXBuildFile; fileRef = E2DE6DC12C30D8303241F1B3 /* NocoClient.swift */; };
		A37042C17A171EB77E0E57FE /* SettingsView.swift in Sources */ = {isa = PBXBuildFile; fileRef = 435F6619CC32091B838C88C7 /* SettingsView.swift */; };
		A477BC3E2168E6917AA936AC /* JSONValue.swift in Sources */ = {isa = PBXBuildFile; fileRef = 11F93D4596513BF71DB6A799 /* JSONValue.swift */; };
		AC9ED3AE71EA13184368CD6D /* MetabaseViews.swift in Sources */ = {isa = PBXBuildFile; fileRef = 2DEE9EB775F8EE1A56F8DF1B /* MetabaseViews.swift */; };
		AE745C5929AC79DF214826A9 /* WhiteboardViews.swift in Sources */ = {isa = PBXBuildFile; fileRef = 0A74842AE5B0D67373120C0F /* WhiteboardViews.swift */; };
		B82653BB985F9A7F2F305BB6 /* GitLabClient.swift in Sources */ = {isa = PBXBuildFile; fileRef = 7194DC5C64C718E6D0365616 /* GitLabClient.swift */; };
		C0EBFA4B787FF7225A6A8CD0 /* NocoClient.swift in Sources */ = {isa = PBXBuildFile; fileRef = E2DE6DC12C30D8303241F1B3 /* NocoClient.swift */; };
		C1DD0C0283CC74A93C2E7A63 /* BringDataView.swift in Sources */ = {isa = PBXBuildFile; fileRef = A7962649323D45461729105F /* BringDataView.swift */; };
		DDAF501CD2B7BA3C45C704AF /* TeamView.swift in Sources */ = {isa = PBXBuildFile; fileRef = 7F2F5081EDAD72CE4E54BF60 /* TeamView.swift */; };
		E0EC58FE7F80E161D858E565 /* MoreView.swift in Sources */ = {isa = PBXBuildFile; fileRef = 348AE4E53861B65D1570163B /* MoreView.swift */; };
		E1AF14960E27DA05985A84A4 /* AgendaView.swift in Sources */ = {isa = PBXBuildFile; fileRef = D9EA6CD62816229C2C6DA99E /* AgendaView.swift */; };
		E8E408F3B577CF1F59821E33 /* HTTP.swift in Sources */ = {isa = PBXBuildFile; fileRef = 464C7BE24CC53E4C9E2EDA36 /* HTTP.swift */; };
		EAED8A5E794C895B84ED86B3 /* MetabaseClient.swift in Sources */ = {isa = PBXBuildFile; fileRef = C0BB8DD0220AC511222157F2 /* MetabaseClient.swift */; };
		EB35CC4B6E696F0445BF60CF /* Importers.swift in Sources */ = {isa = PBXBuildFile; fileRef = 7058407FCA6F39613928A807 /* Importers.swift */; };
		ED10EB322045E26B477E3A99 /* SupabaseApp.swift in Sources */ = {isa = PBXBuildFile; fileRef = AEFEAD785E7C7B54A24BD7A3 /* SupabaseApp.swift */; };
		F83108D491A29939F51C2519 /* GrafanaViews.swift in Sources */ = {isa = PBXBuildFile; fileRef = 32CDC1B059647E6A53EB5375 /* GrafanaViews.swift */; };
		FD5E10D937D4C1B799F1E9CE /* Supabase.swift in Sources */ = {isa = PBXBuildFile; fileRef = 2246D970E0E755B740FAFCFB /* Supabase.swift */; };
/* End PBXBuildFile section */

/* Begin PBXContainerItemProxy section */
		F0AAC267F378FC9748AF3099 /* PBXContainerItemProxy */ = {
			isa = PBXContainerItemProxy;
			containerPortal = BF83BEE78A13BD7A1FA38FC6 /* Project object */;
			proxyType = 1;
			remoteGlobalIDString = 5E504712DA1F81EC2BE87294;
			remoteInfo = OpenDeskWidget;
		};
/* End PBXContainerItemProxy section */

/* Begin PBXCopyFilesBuildPhase section */
		4279BBDA60CB4303CA461B7B /* Embed Foundation Extensions */ = {
			isa = PBXCopyFilesBuildPhase;
			buildActionMask = 2147483647;
			dstPath = "";
			dstSubfolderSpec = 13;
			files = (
				7673AA3E2EFCE7F393603301 /* OpenDeskWidget.appex in Embed Foundation Extensions */,
			);
			name = "Embed Foundation Extensions";
			runOnlyForDeploymentPostprocessing = 0;
		};
/* End PBXCopyFilesBuildPhase section */

/* Begin PBXFileReference section */
		093347DEA43B9ADFBC9DEDE1 /* GrafanaClient.swift */ = {isa = PBXFileReference; lastKnownFileType = sourcecode.swift; path = GrafanaClient.swift; sourceTree = "<group>"; };
		0A74842AE5B0D67373120C0F /* WhiteboardViews.swift */ = {isa = PBXFileReference; lastKnownFileType = sourcecode.swift; path = WhiteboardViews.swift; sourceTree = "<group>"; };
		11DA51E043472087701F036D /* Info.plist */ = {isa = PBXFileReference; lastKnownFileType = text.plist; path = Info.plist; sourceTree = "<group>"; };
		11F93D4596513BF71DB6A799 /* JSONValue.swift */ = {isa = PBXFileReference; lastKnownFileType = sourcecode.swift; path = JSONValue.swift; sourceTree = "<group>"; };
		18A82EE78C82A27B8DFC03E7 /* CommandBar.swift */ = {isa = PBXFileReference; lastKnownFileType = sourcecode.swift; path = CommandBar.swift; sourceTree = "<group>"; };
		1F4FA33E23AAE61EE1EF2649 /* AskSheet.swift */ = {isa = PBXFileReference; lastKnownFileType = sourcecode.swift; path = AskSheet.swift; sourceTree = "<group>"; };
		2246D970E0E755B740FAFCFB /* Supabase.swift */ = {isa = PBXFileReference; lastKnownFileType = sourcecode.swift; path = Supabase.swift; sourceTree = "<group>"; };
		2C6C69B5EC75EB25B0B3039D /* AlertsView.swift */ = {isa = PBXFileReference; lastKnownFileType = sourcecode.swift; path = AlertsView.swift; sourceTree = "<group>"; };
		2DEE9EB775F8EE1A56F8DF1B /* MetabaseViews.swift */ = {isa = PBXFileReference; lastKnownFileType = sourcecode.swift; path = MetabaseViews.swift; sourceTree = "<group>"; };
		2EE7A1BEC9203C56CC5F7780 /* OpenDeskWidget.appex */ = {isa = PBXFileReference; includeInIndex = 0; lastKnownFileType = "wrapper.app-extension"; path = OpenDeskWidget.appex; sourceTree = BUILT_PRODUCTS_DIR; };
		32CDC1B059647E6A53EB5375 /* GrafanaViews.swift */ = {isa = PBXFileReference; lastKnownFileType = sourcecode.swift; path = GrafanaViews.swift; sourceTree = "<group>"; };
		348AE4E53861B65D1570163B /* MoreView.swift */ = {isa = PBXFileReference; lastKnownFileType = sourcecode.swift; path = MoreView.swift; sourceTree = "<group>"; };
		435F6619CC32091B838C88C7 /* SettingsView.swift */ = {isa = PBXFileReference; lastKnownFileType = sourcecode.swift; path = SettingsView.swift; sourceTree = "<group>"; };
		43DD232A1E963F5D68877EE3 /* OpenDeskApp.swift */ = {isa = PBXFileReference; lastKnownFileType = sourcecode.swift; path = OpenDeskApp.swift; sourceTree = "<group>"; };
		464C7BE24CC53E4C9E2EDA36 /* HTTP.swift */ = {isa = PBXFileReference; lastKnownFileType = sourcecode.swift; path = HTTP.swift; sourceTree = "<group>"; };
		53AAE621E6E55A9A8CDC7342 /* GridView.swift */ = {isa = PBXFileReference; lastKnownFileType = sourcecode.swift; path = GridView.swift; sourceTree = "<group>"; };
		5566AB48EFA804717EF3D2E9 /* VoiceInput.swift */ = {isa = PBXFileReference; lastKnownFileType = sourcecode.swift; path = VoiceInput.swift; sourceTree = "<group>"; };
		65C65BC488C6366A004CC199 /* Theme.swift */ = {isa = PBXFileReference; lastKnownFileType = sourcecode.swift; path = Theme.swift; sourceTree = "<group>"; };
		6A2FA5532700E20527B4AAE9 /* Shortcuts.swift */ = {isa = PBXFileReference; lastKnownFileType = sourcecode.swift; path = Shortcuts.swift; sourceTree = "<group>"; };
		6A8E8EA4FD2B351B79693EEC /* LocalDefaults.plist */ = {isa = PBXFileReference; lastKnownFileType = text.plist; path = LocalDefaults.plist; sourceTree = "<group>"; };
		7058407FCA6F39613928A807 /* Importers.swift */ = {isa = PBXFileReference; lastKnownFileType = sourcecode.swift; path = Importers.swift; sourceTree = "<group>"; };
		7194DC5C64C718E6D0365616 /* GitLabClient.swift */ = {isa = PBXFileReference; lastKnownFileType = sourcecode.swift; path = GitLabClient.swift; sourceTree = "<group>"; };
		7F2F5081EDAD72CE4E54BF60 /* TeamView.swift */ = {isa = PBXFileReference; lastKnownFileType = sourcecode.swift; path = TeamView.swift; sourceTree = "<group>"; };
		841ED8400AED789295DDFEA2 /* LiveUpdates.swift */ = {isa = PBXFileReference; lastKnownFileType = sourcecode.swift; path = LiveUpdates.swift; sourceTree = "<group>"; };
		8B9B2BE85D4DBD915DD4A459 /* NocoViews.swift */ = {isa = PBXFileReference; lastKnownFileType = sourcecode.swift; path = NocoViews.swift; sourceTree = "<group>"; };
		8CFCBB0A615E0CF0D5A014B1 /* Info.plist */ = {isa = PBXFileReference; lastKnownFileType = text.plist; path = Info.plist; sourceTree = "<group>"; };
		9F3A42F1924C9B38EC54BADC /* Assets.xcassets */ = {isa = PBXFileReference; lastKnownFileType = folder.assetcatalog; path = Assets.xcassets; sourceTree = "<group>"; };
		A7962649323D45461729105F /* BringDataView.swift */ = {isa = PBXFileReference; lastKnownFileType = sourcecode.swift; path = BringDataView.swift; sourceTree = "<group>"; };
		AEFEAD785E7C7B54A24BD7A3 /* SupabaseApp.swift */ = {isa = PBXFileReference; lastKnownFileType = sourcecode.swift; path = SupabaseApp.swift; sourceTree = "<group>"; };
		B0F4CE1974B39E5A92222335 /* RecordEditor.swift */ = {isa = PBXFileReference; lastKnownFileType = sourcecode.swift; path = RecordEditor.swift; sourceTree = "<group>"; };
		B1518D065C6C7116605A66B8 /* OpenDesk.app */ = {isa = PBXFileReference; includeInIndex = 0; lastKnownFileType = wrapper.application; path = OpenDesk.app; sourceTree = BUILT_PRODUCTS_DIR; };
		B943D9F4E44D59D95B7D560E /* AppConfig.swift */ = {isa = PBXFileReference; lastKnownFileType = sourcecode.swift; path = AppConfig.swift; sourceTree = "<group>"; };
		C0BB8DD0220AC511222157F2 /* MetabaseClient.swift */ = {isa = PBXFileReference; lastKnownFileType = sourcecode.swift; path = MetabaseClient.swift; sourceTree = "<group>"; };
		CE22F08AA322BBB5ACF0C742 /* HomeView.swift */ = {isa = PBXFileReference; lastKnownFileType = sourcecode.swift; path = HomeView.swift; sourceTree = "<group>"; };
		D90471C48D5D38F100FBE61A /* BrandMark.swift */ = {isa = PBXFileReference; lastKnownFileType = sourcecode.swift; path = BrandMark.swift; sourceTree = "<group>"; };
		D9EA6CD62816229C2C6DA99E /* AgendaView.swift */ = {isa = PBXFileReference; lastKnownFileType = sourcecode.swift; path = AgendaView.swift; sourceTree = "<group>"; };
		DFFA22618AF73EF5F6BA5D24 /* GitLabViews.swift */ = {isa = PBXFileReference; lastKnownFileType = sourcecode.swift; path = GitLabViews.swift; sourceTree = "<group>"; };
		E2DE6DC12C30D8303241F1B3 /* NocoClient.swift */ = {isa = PBXFileReference; lastKnownFileType = sourcecode.swift; path = NocoClient.swift; sourceTree = "<group>"; };
		E38C0AA8227B4DA9973E43EC /* PipelineWidget.swift */ = {isa = PBXFileReference; lastKnownFileType = sourcecode.swift; path = PipelineWidget.swift; sourceTree = "<group>"; };
		EEF8C4FFEF374DB3074ACDF4 /* Airtable.swift */ = {isa = PBXFileReference; lastKnownFileType = sourcecode.swift; path = Airtable.swift; sourceTree = "<group>"; };
		F6953E3E11CAE7E55289A70B /* Excalidraw.swift */ = {isa = PBXFileReference; lastKnownFileType = sourcecode.swift; path = Excalidraw.swift; sourceTree = "<group>"; };
		F6CF8ECCFFCD619642C9A5E0 /* SupabaseConnectView.swift */ = {isa = PBXFileReference; lastKnownFileType = sourcecode.swift; path = SupabaseConnectView.swift; sourceTree = "<group>"; };
		FCCBA00032D9E98578A6F757 /* AI.swift */ = {isa = PBXFileReference; lastKnownFileType = sourcecode.swift; path = AI.swift; sourceTree = "<group>"; };
/* End PBXFileReference section */

/* Begin PBXGroup section */
		172EA950730CB3522F0D0597 /* OpenDeskWidget */ = {
			isa = PBXGroup;
			children = (
				11DA51E043472087701F036D /* Info.plist */,
				E38C0AA8227B4DA9973E43EC /* PipelineWidget.swift */,
			);
			path = OpenDeskWidget;
			sourceTree = "<group>";
		};
		1C0041EF25CE38AA6B9ACACD /* Grafana */ = {
			isa = PBXGroup;
			children = (
				2C6C69B5EC75EB25B0B3039D /* AlertsView.swift */,
				093347DEA43B9ADFBC9DEDE1 /* GrafanaClient.swift */,
				32CDC1B059647E6A53EB5375 /* GrafanaViews.swift */,
			);
			path = Grafana;
			sourceTree = "<group>";
		};
		2FE15C1E6D2EE6A274D06FC5 /* AI */ = {
			isa = PBXGroup;
			children = (
				FCCBA00032D9E98578A6F757 /* AI.swift */,
				1F4FA33E23AAE61EE1EF2649 /* AskSheet.swift */,
				5566AB48EFA804717EF3D2E9 /* VoiceInput.swift */,
			);
			path = AI;
			sourceTree = "<group>";
		};
		586D8AB985A610CCAD84F939 /* GitLab */ = {
			isa = PBXGroup;
			children = (
				7194DC5C64C718E6D0365616 /* GitLabClient.swift */,
				DFFA22618AF73EF5F6BA5D24 /* GitLabViews.swift */,
			);
			path = GitLab;
			sourceTree = "<group>";
		};
		6EB1F923E19AE8078F61BD6E /* Products */ = {
			isa = PBXGroup;
			children = (
				B1518D065C6C7116605A66B8 /* OpenDesk.app */,
				2EE7A1BEC9203C56CC5F7780 /* OpenDeskWidget.appex */,
			);
			name = Products;
			sourceTree = "<group>";
		};
		736B03AEC7A05528B1191F3D /* Config */ = {
			isa = PBXGroup;
			children = (
				6A8E8EA4FD2B351B79693EEC /* LocalDefaults.plist */,
			);
			path = Config;
			sourceTree = "<group>";
		};
		7590BC7AF13D1F19C132AA25 /* OpenDesk */ = {
			isa = PBXGroup;
			children = (
				9F3A42F1924C9B38EC54BADC /* Assets.xcassets */,
				8CFCBB0A615E0CF0D5A014B1 /* Info.plist */,
				2FE15C1E6D2EE6A274D06FC5 /* AI */,
				C9C3F8957FC9D3C7E0EE7B1A /* Airtable */,
				8D02F8519B95A758DF146BBD /* App */,
				B23EF60A548BA834B2A86875 /* Core */,
				586D8AB985A610CCAD84F939 /* GitLab */,
				1C0041EF25CE38AA6B9ACACD /* Grafana */,
				77761519F37E1C95061316EF /* Home */,
				EDCEC7FCC60B5C7D32ECC4EB /* Metabase */,
				D778AF0A90202525879646E8 /* NocoDB */,
				B5DB99058B90F028FD60FF79 /* Onboarding */,
				BC45F97752BCA1A8949CA5D1 /* Supabase */,
				9C1413D81F2C7CE830604421 /* Teams */,
				BC6B887A5C5D5D14C90F213F /* Whiteboard */,
			);
			path = OpenDesk;
			sourceTree = "<group>";
		};
		77761519F37E1C95061316EF /* Home */ = {
			isa = PBXGroup;
			children = (
				CE22F08AA322BBB5ACF0C742 /* HomeView.swift */,
				348AE4E53861B65D1570163B /* MoreView.swift */,
				435F6619CC32091B838C88C7 /* SettingsView.swift */,
			);
			path = Home;
			sourceTree = "<group>";
		};
		8D02F8519B95A758DF146BBD /* App */ = {
			isa = PBXGroup;
			children = (
				43DD232A1E963F5D68877EE3 /* OpenDeskApp.swift */,
				6A2FA5532700E20527B4AAE9 /* Shortcuts.swift */,
			);
			path = App;
			sourceTree = "<group>";
		};
		9C1413D81F2C7CE830604421 /* Teams */ = {
			isa = PBXGroup;
			children = (
				2246D970E0E755B740FAFCFB /* Supabase.swift */,
				7F2F5081EDAD72CE4E54BF60 /* TeamView.swift */,
			);
			path = Teams;
			sourceTree = "<group>";
		};
		A1D3243BD0391B85BDE54E43 = {
			isa = PBXGroup;
			children = (
				736B03AEC7A05528B1191F3D /* Config */,
				7590BC7AF13D1F19C132AA25 /* OpenDesk */,
				172EA950730CB3522F0D0597 /* OpenDeskWidget */,
				6EB1F923E19AE8078F61BD6E /* Products */,
			);
			sourceTree = "<group>";
		};
		B23EF60A548BA834B2A86875 /* Core */ = {
			isa = PBXGroup;
			children = (
				B943D9F4E44D59D95B7D560E /* AppConfig.swift */,
				D90471C48D5D38F100FBE61A /* BrandMark.swift */,
				464C7BE24CC53E4C9E2EDA36 /* HTTP.swift */,
				11F93D4596513BF71DB6A799 /* JSONValue.swift */,
				65C65BC488C6366A004CC199 /* Theme.swift */,
			);
			path = Core;
			sourceTree = "<group>";
		};
		B5DB99058B90F028FD60FF79 /* Onboarding */ = {
			isa = PBXGroup;
			children = (
				A7962649323D45461729105F /* BringDataView.swift */,
				7058407FCA6F39613928A807 /* Importers.swift */,
			);
			path = Onboarding;
			sourceTree = "<group>";
		};
		BC45F97752BCA1A8949CA5D1 /* Supabase */ = {
			isa = PBXGroup;
			children = (
				841ED8400AED789295DDFEA2 /* LiveUpdates.swift */,
				AEFEAD785E7C7B54A24BD7A3 /* SupabaseApp.swift */,
				F6CF8ECCFFCD619642C9A5E0 /* SupabaseConnectView.swift */,
			);
			path = Supabase;
			sourceTree = "<group>";
		};
		BC6B887A5C5D5D14C90F213F /* Whiteboard */ = {
			isa = PBXGroup;
			children = (
				F6953E3E11CAE7E55289A70B /* Excalidraw.swift */,
				0A74842AE5B0D67373120C0F /* WhiteboardViews.swift */,
			);
			path = Whiteboard;
			sourceTree = "<group>";
		};
		C9C3F8957FC9D3C7E0EE7B1A /* Airtable */ = {
			isa = PBXGroup;
			children = (
				EEF8C4FFEF374DB3074ACDF4 /* Airtable.swift */,
			);
			path = Airtable;
			sourceTree = "<group>";
		};
		D778AF0A90202525879646E8 /* NocoDB */ = {
			isa = PBXGroup;
			children = (
				D9EA6CD62816229C2C6DA99E /* AgendaView.swift */,
				18A82EE78C82A27B8DFC03E7 /* CommandBar.swift */,
				53AAE621E6E55A9A8CDC7342 /* GridView.swift */,
				E2DE6DC12C30D8303241F1B3 /* NocoClient.swift */,
				8B9B2BE85D4DBD915DD4A459 /* NocoViews.swift */,
				B0F4CE1974B39E5A92222335 /* RecordEditor.swift */,
			);
			path = NocoDB;
			sourceTree = "<group>";
		};
		EDCEC7FCC60B5C7D32ECC4EB /* Metabase */ = {
			isa = PBXGroup;
			children = (
				C0BB8DD0220AC511222157F2 /* MetabaseClient.swift */,
				2DEE9EB775F8EE1A56F8DF1B /* MetabaseViews.swift */,
			);
			path = Metabase;
			sourceTree = "<group>";
		};
/* End PBXGroup section */

/* Begin PBXNativeTarget section */
		5E504712DA1F81EC2BE87294 /* OpenDeskWidget */ = {
			isa = PBXNativeTarget;
			buildConfigurationList = B831600A3584DFFB49345444 /* Build configuration list for PBXNativeTarget "OpenDeskWidget" */;
			buildPhases = (
				E17505D8E88B99A1A2DB451F /* Sources */,
				9E03B54231BA93C28EE8DE20 /* Resources */,
			);
			buildRules = (
			);
			dependencies = (
			);
			name = OpenDeskWidget;
			packageProductDependencies = (
			);
			productName = OpenDeskWidget;
			productReference = 2EE7A1BEC9203C56CC5F7780 /* OpenDeskWidget.appex */;
			productType = "com.apple.product-type.app-extension";
		};
		BE265D8CCE92D561B51AFCE1 /* OpenDesk */ = {
			isa = PBXNativeTarget;
			buildConfigurationList = DA79096735CED6141DCF32CC /* Build configuration list for PBXNativeTarget "OpenDesk" */;
			buildPhases = (
				FC4DB8C416DDA3F3FC485361 /* Sources */,
				A3171474BE5BC936F47ADD1F /* Resources */,
				4279BBDA60CB4303CA461B7B /* Embed Foundation Extensions */,
			);
			buildRules = (
			);
			dependencies = (
				741C134667CA3CF210298610 /* PBXTargetDependency */,
			);
			name = OpenDesk;
			packageProductDependencies = (
			);
			productName = OpenDesk;
			productReference = B1518D065C6C7116605A66B8 /* OpenDesk.app */;
			productType = "com.apple.product-type.application";
		};
/* End PBXNativeTarget section */

/* Begin PBXProject section */
		BF83BEE78A13BD7A1FA38FC6 /* Project object */ = {
			isa = PBXProject;
			attributes = {
				BuildIndependentTargetsInParallel = YES;
				LastUpgradeCheck = 1430;
				TargetAttributes = {
					5E504712DA1F81EC2BE87294 = {
						DevelopmentTeam = 2A35RW57TC;
						ProvisioningStyle = Automatic;
					};
					BE265D8CCE92D561B51AFCE1 = {
						DevelopmentTeam = 2A35RW57TC;
						ProvisioningStyle = Automatic;
					};
				};
			};
			buildConfigurationList = 0010060455EFAE95FAE38562 /* Build configuration list for PBXProject "OpenDesk" */;
			developmentRegion = en;
			hasScannedForEncodings = 0;
			knownRegions = (
				Base,
				en,
			);
			mainGroup = A1D3243BD0391B85BDE54E43;
			minimizedProjectReferenceProxies = 1;
			preferredProjectObjectVersion = 77;
			productRefGroup = 6EB1F923E19AE8078F61BD6E /* Products */;
			projectDirPath = "";
			projectRoot = "";
			targets = (
				BE265D8CCE92D561B51AFCE1 /* OpenDesk */,
				5E504712DA1F81EC2BE87294 /* OpenDeskWidget */,
			);
		};
/* End PBXProject section */

/* Begin PBXResourcesBuildPhase section */
		9E03B54231BA93C28EE8DE20 /* Resources */ = {
			isa = PBXResourcesBuildPhase;
			buildActionMask = 2147483647;
			files = (
				76AA07710F8C0A8CF23737FD /* LocalDefaults.plist in Resources */,
			);
			runOnlyForDeploymentPostprocessing = 0;
		};
		A3171474BE5BC936F47ADD1F /* Resources */ = {
			isa = PBXResourcesBuildPhase;
			buildActionMask = 2147483647;
			files = (
				6392F00A0D12AED4F22EFE4B /* Assets.xcassets in Resources */,
				72629E30262269A9E5A7A600 /* LocalDefaults.plist in Resources */,
			);
			runOnlyForDeploymentPostprocessing = 0;
		};
/* End PBXResourcesBuildPhase section */

/* Begin PBXSourcesBuildPhase section */
		E17505D8E88B99A1A2DB451F /* Sources */ = {
			isa = PBXSourcesBuildPhase;
			buildActionMask = 2147483647;
			files = (
				5F2BDE32C8EF7749D724A0BC /* HTTP.swift in Sources */,
				27AFC5343E7DD1DD5D879E96 /* JSONValue.swift in Sources */,
				C0EBFA4B787FF7225A6A8CD0 /* NocoClient.swift in Sources */,
				0697BD1D2B82E9E9D18D42D3 /* PipelineWidget.swift in Sources */,
			);
			runOnlyForDeploymentPostprocessing = 0;
		};
		FC4DB8C416DDA3F3FC485361 /* Sources */ = {
			isa = PBXSourcesBuildPhase;
			buildActionMask = 2147483647;
			files = (
				08F195A7719FCAC959F147C0 /* AI.swift in Sources */,
				E1AF14960E27DA05985A84A4 /* AgendaView.swift in Sources */,
				2DE30E4AC66296FE2F559206 /* Airtable.swift in Sources */,
				85127AE335187DC378BCE218 /* AlertsView.swift in Sources */,
				4FA4322180E23DEC0DF05D77 /* AppConfig.swift in Sources */,
				1C3B6313FA07B71C7F8D7D48 /* AskSheet.swift in Sources */,
				2943A1DCB037D04DAD0E35E0 /* BrandMark.swift in Sources */,
				C1DD0C0283CC74A93C2E7A63 /* BringDataView.swift in Sources */,
				285011AB16A4B7862782F355 /* CommandBar.swift in Sources */,
				8DC7C74DC6C346B46468D894 /* Excalidraw.swift in Sources */,
				B82653BB985F9A7F2F305BB6 /* GitLabClient.swift in Sources */,
				91B89CB78C35B9F4FFD1A192 /* GitLabViews.swift in Sources */,
				30940D29A01E07581F268395 /* GrafanaClient.swift in Sources */,
				F83108D491A29939F51C2519 /* GrafanaViews.swift in Sources */,
				63FE177B0EF814DB2A0C8C35 /* GridView.swift in Sources */,
				E8E408F3B577CF1F59821E33 /* HTTP.swift in Sources */,
				3749C65A8518EC64A51BA8F3 /* HomeView.swift in Sources */,
				EB35CC4B6E696F0445BF60CF /* Importers.swift in Sources */,
				A477BC3E2168E6917AA936AC /* JSONValue.swift in Sources */,
				24632B4999586FFDE68796BF /* LiveUpdates.swift in Sources */,
				EAED8A5E794C895B84ED86B3 /* MetabaseClient.swift in Sources */,
				AC9ED3AE71EA13184368CD6D /* MetabaseViews.swift in Sources */,
				E0EC58FE7F80E161D858E565 /* MoreView.swift in Sources */,
				A0C3AA1BD5B4814F57CDB78D /* NocoClient.swift in Sources */,
				7596D28CFD50FC1FBABCBC23 /* NocoViews.swift in Sources */,
				101A4E7E1C260AD51868F08F /* OpenDeskApp.swift in Sources */,
				6FE7B811FDF7CEAB7CA8B17B /* RecordEditor.swift in Sources */,
				A37042C17A171EB77E0E57FE /* SettingsView.swift in Sources */,
				87F2A7BAD2B32B7E266C1F17 /* Shortcuts.swift in Sources */,
				FD5E10D937D4C1B799F1E9CE /* Supabase.swift in Sources */,
				ED10EB322045E26B477E3A99 /* SupabaseApp.swift in Sources */,
				60B467DD5F91C14226679AA9 /* SupabaseConnectView.swift in Sources */,
				DDAF501CD2B7BA3C45C704AF /* TeamView.swift in Sources */,
				7D6215D0B06C3856A0E48BB3 /* Theme.swift in Sources */,
				07986B0C5FCC2EC714E49309 /* VoiceInput.swift in Sources */,
				AE745C5929AC79DF214826A9 /* WhiteboardViews.swift in Sources */,
			);
			runOnlyForDeploymentPostprocessing = 0;
		};
/* End PBXSourcesBuildPhase section */

/* Begin PBXTargetDependency section */
		741C134667CA3CF210298610 /* PBXTargetDependency */ = {
			isa = PBXTargetDependency;
			target = 5E504712DA1F81EC2BE87294 /* OpenDeskWidget */;
			targetProxy = F0AAC267F378FC9748AF3099 /* PBXContainerItemProxy */;
		};
/* End PBXTargetDependency section */

/* Begin XCBuildConfiguration section */
		20E0807E573924C4E55C47AE /* Debug */ = {
			isa = XCBuildConfiguration;
			buildSettings = {
				ASSETCATALOG_COMPILER_APPICON_NAME = AppIcon;
				CODE_SIGN_IDENTITY = "iPhone Developer";
				INFOPLIST_FILE = OpenDesk/Info.plist;
				LD_RUNPATH_SEARCH_PATHS = (
					"$(inherited)",
					"@executable_path/Frameworks",
				);
				PRODUCT_BUNDLE_IDENTIFIER = com.jackmielke.opendesk;
				PRODUCT_NAME = OpenDesk;
				SDKROOT = iphoneos;
				TARGETED_DEVICE_FAMILY = 1;
			};
			name = Debug;
		};
		5D41E73A101802A4C4F0C849 /* Release */ = {
			isa = XCBuildConfiguration;
			buildSettings = {
				ALWAYS_SEARCH_USER_PATHS = NO;
				CLANG_ANALYZER_NONNULL = YES;
				CLANG_ANALYZER_NUMBER_OBJECT_CONVERSION = YES_AGGRESSIVE;
				CLANG_CXX_LANGUAGE_STANDARD = "gnu++14";
				CLANG_CXX_LIBRARY = "libc++";
				CLANG_ENABLE_MODULES = YES;
				CLANG_ENABLE_OBJC_ARC = YES;
				CLANG_ENABLE_OBJC_WEAK = YES;
				CLANG_WARN_BLOCK_CAPTURE_AUTORELEASING = YES;
				CLANG_WARN_BOOL_CONVERSION = YES;
				CLANG_WARN_COMMA = YES;
				CLANG_WARN_CONSTANT_CONVERSION = YES;
				CLANG_WARN_DEPRECATED_OBJC_IMPLEMENTATIONS = YES;
				CLANG_WARN_DIRECT_OBJC_ISA_USAGE = YES_ERROR;
				CLANG_WARN_DOCUMENTATION_COMMENTS = YES;
				CLANG_WARN_EMPTY_BODY = YES;
				CLANG_WARN_ENUM_CONVERSION = YES;
				CLANG_WARN_INFINITE_RECURSION = YES;
				CLANG_WARN_INT_CONVERSION = YES;
				CLANG_WARN_NON_LITERAL_NULL_CONVERSION = YES;
				CLANG_WARN_OBJC_IMPLICIT_RETAIN_SELF = YES;
				CLANG_WARN_OBJC_LITERAL_CONVERSION = YES;
				CLANG_WARN_OBJC_ROOT_CLASS = YES_ERROR;
				CLANG_WARN_QUOTED_INCLUDE_IN_FRAMEWORK_HEADER = YES;
				CLANG_WARN_RANGE_LOOP_ANALYSIS = YES;
				CLANG_WARN_STRICT_PROTOTYPES = YES;
				CLANG_WARN_SUSPICIOUS_MOVE = YES;
				CLANG_WARN_UNGUARDED_AVAILABILITY = YES_AGGRESSIVE;
				CLANG_WARN_UNREACHABLE_CODE = YES;
				CLANG_WARN__DUPLICATE_METHOD_MATCH = YES;
				CODE_SIGN_STYLE = Automatic;
				COPY_PHASE_STRIP = NO;
				CURRENT_PROJECT_VERSION = 3;
				DEBUG_INFORMATION_FORMAT = "dwarf-with-dsym";
				DEVELOPMENT_TEAM = 2A35RW57TC;
				ENABLE_NS_ASSERTIONS = NO;
				ENABLE_STRICT_OBJC_MSGSEND = YES;
				GCC_C_LANGUAGE_STANDARD = gnu11;
				GCC_NO_COMMON_BLOCKS = YES;
				GCC_WARN_64_TO_32_BIT_CONVERSION = YES;
				GCC_WARN_ABOUT_RETURN_TYPE = YES_ERROR;
				GCC_WARN_UNDECLARED_SELECTOR = YES;
				GCC_WARN_UNINITIALIZED_AUTOS = YES_AGGRESSIVE;
				GCC_WARN_UNUSED_FUNCTION = YES;
				GCC_WARN_UNUSED_VARIABLE = YES;
				IPHONEOS_DEPLOYMENT_TARGET = 26.0;
				MARKETING_VERSION = 0.1;
				MTL_ENABLE_DEBUG_INFO = NO;
				MTL_FAST_MATH = YES;
				PRODUCT_NAME = "$(TARGET_NAME)";
				SDKROOT = iphoneos;
				SWIFT_COMPILATION_MODE = wholemodule;
				SWIFT_OPTIMIZATION_LEVEL = "-O";
				SWIFT_VERSION = 5.0;
			};
			name = Release;
		};
		8BC7234FA36E319EA3B38916 /* Debug */ = {
			isa = XCBuildConfiguration;
			buildSettings = {
				ALWAYS_SEARCH_USER_PATHS = NO;
				CLANG_ANALYZER_NONNULL = YES;
				CLANG_ANALYZER_NUMBER_OBJECT_CONVERSION = YES_AGGRESSIVE;
				CLANG_CXX_LANGUAGE_STANDARD = "gnu++14";
				CLANG_CXX_LIBRARY = "libc++";
				CLANG_ENABLE_MODULES = YES;
				CLANG_ENABLE_OBJC_ARC = YES;
				CLANG_ENABLE_OBJC_WEAK = YES;
				CLANG_WARN_BLOCK_CAPTURE_AUTORELEASING = YES;
				CLANG_WARN_BOOL_CONVERSION = YES;
				CLANG_WARN_COMMA = YES;
				CLANG_WARN_CONSTANT_CONVERSION = YES;
				CLANG_WARN_DEPRECATED_OBJC_IMPLEMENTATIONS = YES;
				CLANG_WARN_DIRECT_OBJC_ISA_USAGE = YES_ERROR;
				CLANG_WARN_DOCUMENTATION_COMMENTS = YES;
				CLANG_WARN_EMPTY_BODY = YES;
				CLANG_WARN_ENUM_CONVERSION = YES;
				CLANG_WARN_INFINITE_RECURSION = YES;
				CLANG_WARN_INT_CONVERSION = YES;
				CLANG_WARN_NON_LITERAL_NULL_CONVERSION = YES;
				CLANG_WARN_OBJC_IMPLICIT_RETAIN_SELF = YES;
				CLANG_WARN_OBJC_LITERAL_CONVERSION = YES;
				CLANG_WARN_OBJC_ROOT_CLASS = YES_ERROR;
				CLANG_WARN_QUOTED_INCLUDE_IN_FRAMEWORK_HEADER = YES;
				CLANG_WARN_RANGE_LOOP_ANALYSIS = YES;
				CLANG_WARN_STRICT_PROTOTYPES = YES;
				CLANG_WARN_SUSPICIOUS_MOVE = YES;
				CLANG_WARN_UNGUARDED_AVAILABILITY = YES_AGGRESSIVE;
				CLANG_WARN_UNREACHABLE_CODE = YES;
				CLANG_WARN__DUPLICATE_METHOD_MATCH = YES;
				CODE_SIGN_STYLE = Automatic;
				COPY_PHASE_STRIP = NO;
				CURRENT_PROJECT_VERSION = 3;
				DEBUG_INFORMATION_FORMAT = dwarf;
				DEVELOPMENT_TEAM = 2A35RW57TC;
				ENABLE_STRICT_OBJC_MSGSEND = YES;
				ENABLE_TESTABILITY = YES;
				GCC_C_LANGUAGE_STANDARD = gnu11;
				GCC_DYNAMIC_NO_PIC = NO;
				GCC_NO_COMMON_BLOCKS = YES;
				GCC_OPTIMIZATION_LEVEL = 0;
				GCC_PREPROCESSOR_DEFINITIONS = (
					"$(inherited)",
					"DEBUG=1",
				);
				GCC_WARN_64_TO_32_BIT_CONVERSION = YES;
				GCC_WARN_ABOUT_RETURN_TYPE = YES_ERROR;
				GCC_WARN_UNDECLARED_SELECTOR = YES;
				GCC_WARN_UNINITIALIZED_AUTOS = YES_AGGRESSIVE;
				GCC_WARN_UNUSED_FUNCTION = YES;
				GCC_WARN_UNUSED_VARIABLE = YES;
				IPHONEOS_DEPLOYMENT_TARGET = 26.0;
				MARKETING_VERSION = 0.1;
				MTL_ENABLE_DEBUG_INFO = INCLUDE_SOURCE;
				MTL_FAST_MATH = YES;
				ONLY_ACTIVE_ARCH = YES;
				PRODUCT_NAME = "$(TARGET_NAME)";
				SDKROOT = iphoneos;
				SWIFT_ACTIVE_COMPILATION_CONDITIONS = DEBUG;
				SWIFT_OPTIMIZATION_LEVEL = "-Onone";
				SWIFT_VERSION = 5.0;
			};
			name = Debug;
		};
		A1404268C6F86BE2E3E0143F /* Release */ = {
			isa = XCBuildConfiguration;
			buildSettings = {
				INFOPLIST_FILE = OpenDeskWidget/Info.plist;
				LD_RUNPATH_SEARCH_PATHS = (
					"$(inherited)",
					"@executable_path/Frameworks",
					"@executable_path/../../Frameworks",
				);
				PRODUCT_BUNDLE_IDENTIFIER = com.jackmielke.opendesk.widget;
				SDKROOT = iphoneos;
				SKIP_INSTALL = YES;
				TARGETED_DEVICE_FAMILY = 1;
			};
			name = Release;
		};
		B5366F49F01D2823354ACEBF /* Debug */ = {
			isa = XCBuildConfiguration;
			buildSettings = {
				INFOPLIST_FILE = OpenDeskWidget/Info.plist;
				LD_RUNPATH_SEARCH_PATHS = (
					"$(inherited)",
					"@executable_path/Frameworks",
					"@executable_path/../../Frameworks",
				);
				PRODUCT_BUNDLE_IDENTIFIER = com.jackmielke.opendesk.widget;
				SDKROOT = iphoneos;
				SKIP_INSTALL = YES;
				TARGETED_DEVICE_FAMILY = 1;
			};
			name = Debug;
		};
		CEEBA6A96A7AE7F462CF4E3C /* Release */ = {
			isa = XCBuildConfiguration;
			buildSettings = {
				ASSETCATALOG_COMPILER_APPICON_NAME = AppIcon;
				CODE_SIGN_IDENTITY = "iPhone Developer";
				INFOPLIST_FILE = OpenDesk/Info.plist;
				LD_RUNPATH_SEARCH_PATHS = (
					"$(inherited)",
					"@executable_path/Frameworks",
				);
				PRODUCT_BUNDLE_IDENTIFIER = com.jackmielke.opendesk;
				PRODUCT_NAME = OpenDesk;
				SDKROOT = iphoneos;
				TARGETED_DEVICE_FAMILY = 1;
			};
			name = Release;
		};
/* End XCBuildConfiguration section */

/* Begin XCConfigurationList section */
		0010060455EFAE95FAE38562 /* Build configuration list for PBXProject "OpenDesk" */ = {
			isa = XCConfigurationList;
			buildConfigurations = (
				8BC7234FA36E319EA3B38916 /* Debug */,
				5D41E73A101802A4C4F0C849 /* Release */,
			);
			defaultConfigurationIsVisible = 0;
			defaultConfigurationName = Debug;
		};
		B831600A3584DFFB49345444 /* Build configuration list for PBXNativeTarget "OpenDeskWidget" */ = {
			isa = XCConfigurationList;
			buildConfigurations = (
				B5366F49F01D2823354ACEBF /* Debug */,
				A1404268C6F86BE2E3E0143F /* Release */,
			);
			defaultConfigurationIsVisible = 0;
			defaultConfigurationName = Debug;
		};
		DA79096735CED6141DCF32CC /* Build configuration list for PBXNativeTarget "OpenDesk" */ = {
			isa = XCConfigurationList;
			buildConfigurations = (
				20E0807E573924C4E55C47AE /* Debug */,
				CEEBA6A96A7AE7F462CF4E3C /* Release */,
			);
			defaultConfigurationIsVisible = 0;
			defaultConfigurationName = Debug;
		};
/* End XCConfigurationList section */
	};
	rootObject = BF83BEE78A13BD7A1FA38FC6 /* Project object */;
}
